
Microsoft Visual Studio Solution File, Format Version 12.00
# Visual Studio Version 16
VisualStudioVersion = 16.0.28922.388
MinimumVisualStudioVersion = 10.0.40219.1
Project("{FAE04EC0-301F-11D3-BF4B-00C04F79EFBC}") = "RgssSearchEvent", "RgssSearchEvent\RgssSearchEvent.csproj", "{E06DC172-35BE-49F6-AB4B-1C075501738A}"
EndProject
Project("{FAE04EC0-301F-11D3-BF4B-00C04F79EFBC}") = "DynamicDllImport", "DynamicDllImport\DynamicDllImport.csproj", "{6572309A-6571-47B6-A63E-5707B8852889}"
EndProject
Global
	GlobalSection(SolutionConfigurationPlatforms) = preSolution
		Debug|Any CPU = Debug|Any CPU
		Debug|x86 = Debug|x86
		Release|Any CPU = Release|Any CPU
		Release|x86 = Release|x86
	EndGlobalSection
	GlobalSection(ProjectConfigurationPlatforms) = postSolution
		{E06DC172-35BE-49F6-AB4B-1C075501738A}.Debug|Any CPU.ActiveCfg = Debug|Any CPU
		{E06DC172-35BE-49F6-AB4B-1C075501738A}.Debug|Any CPU.Build.0 = Debug|Any CPU
		{E06DC172-35BE-49F6-AB4B-1C075501738A}.Debug|x86.ActiveCfg = Debug|x86
		{E06DC172-35BE-49F6-AB4B-1C075501738A}.Debug|x86.Build.0 = Debug|x86
		{E06DC172-35BE-49F6-AB4B-1C075501738A}.Release|Any CPU.ActiveCfg = Release|Any CPU
		{E06DC172-35BE-49F6-AB4B-1C075501738A}.Release|Any CPU.Build.0 = Release|Any CPU
		{E06DC172-35BE-49F6-AB4B-1C075501738A}.Release|x86.ActiveCfg = Release|x86
		{E06DC172-35BE-49F6-AB4B-1C075501738A}.Release|x86.Build.0 = Release|x86
		{6572309A-6571-47B6-A63E-5707B8852889}.Debug|Any CPU.ActiveCfg = Debug|Any CPU
		{6572309A-6571-47B6-A63E-5707B8852889}.Debug|Any CPU.Build.0 = Debug|Any CPU
		{6572309A-6571-47B6-A63E-5707B8852889}.Debug|x86.ActiveCfg = Debug|Any CPU
		{6572309A-6571-47B6-A63E-5707B8852889}.Debug|x86.Build.0 = Debug|Any CPU
		{6572309A-6571-47B6-A63E-5707B8852889}.Release|Any CPU.ActiveCfg = Release|Any CPU
		{6572309A-6571-47B6-A63E-5707B8852889}.Release|Any CPU.Build.0 = Release|Any CPU
		{6572309A-6571-47B6-A63E-5707B8852889}.Release|x86.ActiveCfg = Release|Any CPU
		{6572309A-6571-47B6-A63E-5707B8852889}.Release|x86.Build.0 = Release|Any CPU
	EndGlobalSection
	GlobalSection(SolutionProperties) = preSolution
		HideSolutionNode = FALSE
	EndGlobalSection
	GlobalSection(ExtensibilityGlobals) = postSolution
		SolutionGuid = {4EB09E15-9882-45F5-88A4-E7B0A0781415}
	EndGlobalSection
EndGlobal
